
Microsoft Visual Studio Solution File, Format Version 12.00
# Visual Studio 14
VisualStudioVersion = 14.0.25420.1
MinimumVisualStudioVersion = 10.0.40219.1
Project("{FAE04EC0-301F-11D3-BF4B-00C04F79EFBC}") = "Day05", "Day05\Day05.csproj", "{703D3B10-9BB7-46C2-ABAE-8736EE2BD285}"
EndProject
Project("{FAE04EC0-301F-11D3-BF4B-00C04F79EFBC}") = "Addition", "Addition\Addition.csproj", "{C1173D4C-A598-47FC-9543-FFE4B5E127B0}"
EndProject
Project("{FAE04EC0-301F-11D3-BF4B-00C04F79EFBC}") = "Reflection", "Reflection\Reflection.csproj", "{8CF57FEB-04B2-4B26-BA72-EC36E8128703}"
EndProject
Project("{FAE04EC0-301F-11D3-BF4B-00C04F79EFBC}") = "Day05A", "Day05A\Day05A.csproj", "{EC134575-4F5A-47B3-81C3-91C2A9046DD6}"
EndProject
Global
	GlobalSection(SolutionConfigurationPlatforms) = preSolution
		Debug|Any CPU = Debug|Any CPU
		Release|Any CPU = Release|Any CPU
	EndGlobalSection
	GlobalSection(ProjectConfigurationPlatforms) = postSolution
		{703D3B10-9BB7-46C2-ABAE-8736EE2BD285}.Debug|Any CPU.ActiveCfg = Debug|Any CPU
		{703D3B10-9BB7-46C2-ABAE-8736EE2BD285}.Debug|Any CPU.Build.0 = Debug|Any CPU
		{703D3B10-9BB7-46C2-ABAE-8736EE2BD285}.Release|Any CPU.ActiveCfg = Release|Any CPU
		{703D3B10-9BB7-46C2-ABAE-8736EE2BD285}.Release|Any CPU.Build.0 = Release|Any CPU
		{C1173D4C-A598-47FC-9543-FFE4B5E127B0}.Debug|Any CPU.ActiveCfg = Debug|Any CPU
		{C1173D4C-A598-47FC-9543-FFE4B5E127B0}.Debug|Any CPU.Build.0 = Debug|Any CPU
		{C1173D4C-A598-47FC-9543-FFE4B5E127B0}.Release|Any CPU.ActiveCfg = Release|Any CPU
		{C1173D4C-A598-47FC-9543-FFE4B5E127B0}.Release|Any CPU.Build.0 = Release|Any CPU
		{8CF57FEB-04B2-4B26-BA72-EC36E8128703}.Debug|Any CPU.ActiveCfg = Debug|Any CPU
		{8CF57FEB-04B2-4B26-BA72-EC36E8128703}.Debug|Any CPU.Build.0 = Debug|Any CPU
		{8CF57FEB-04B2-4B26-BA72-EC36E8128703}.Release|Any CPU.ActiveCfg = Release|Any CPU
		{8CF57FEB-04B2-4B26-BA72-EC36E8128703}.Release|Any CPU.Build.0 = Release|Any CPU
		{EC134575-4F5A-47B3-81C3-91C2A9046DD6}.Debug|Any CPU.ActiveCfg = Debug|Any CPU
		{EC134575-4F5A-47B3-81C3-91C2A9046DD6}.Debug|Any CPU.Build.0 = Debug|Any CPU
		{EC134575-4F5A-47B3-81C3-91C2A9046DD6}.Release|Any CPU.ActiveCfg = Release|Any CPU
		{EC134575-4F5A-47B3-81C3-91C2A9046DD6}.Release|Any CPU.Build.0 = Release|Any CPU
	EndGlobalSection
	GlobalSection(SolutionProperties) = preSolution
		HideSolutionNode = FALSE
	EndGlobalSection
EndGlobal
